
Microsoft Visual Studio Solution File, Format Version 12.00
# Visual Studio 2013
VisualStudioVersion = 12.0.31101.0
MinimumVisualStudioVersion = 10.0.40219.1
Project("{FAE04EC0-301F-11D3-BF4B-00C04F79EFBC}") = "Demo", "Demo\Demo.csproj", "{3E733747-9CDD-40AE-81D4-EFD32A2F8561}"
EndProject
Project("{FAE04EC0-301F-11D3-BF4B-00C04F79EFBC}") = "ScreenCaptureExample", "ScreenCaptureExample\ScreenCaptureExample.csproj", "{99D5A52A-6F52-4B65-9B69-C1AD982C810E}"
EndProject
Project("{FAE04EC0-301F-11D3-BF4B-00C04F79EFBC}") = "Communicate", "Communicate\Communicate.csproj", "{27835CAB-36F3-4F39-B658-5B3E2616D058}"
EndProject
Global
	GlobalSection(SolutionConfigurationPlatforms) = preSolution
		Debug|Any CPU = Debug|Any CPU
		Release|Any CPU = Release|Any CPU
	EndGlobalSection
	GlobalSection(ProjectConfigurationPlatforms) = postSolution
		{3E733747-9CDD-40AE-81D4-EFD32A2F8561}.Debug|Any CPU.ActiveCfg = Debug|Any CPU
		{3E733747-9CDD-40AE-81D4-EFD32A2F8561}.Debug|Any CPU.Build.0 = Debug|Any CPU
		{3E733747-9CDD-40AE-81D4-EFD32A2F8561}.Release|Any CPU.ActiveCfg = Release|Any CPU
		{3E733747-9CDD-40AE-81D4-EFD32A2F8561}.Release|Any CPU.Build.0 = Release|Any CPU
		{99D5A52A-6F52-4B65-9B69-C1AD982C810E}.Debug|Any CPU.ActiveCfg = Debug|Any CPU
		{99D5A52A-6F52-4B65-9B69-C1AD982C810E}.Debug|Any CPU.Build.0 = Debug|Any CPU
		{99D5A52A-6F52-4B65-9B69-C1AD982C810E}.Release|Any CPU.ActiveCfg = Release|Any CPU
		{99D5A52A-6F52-4B65-9B69-C1AD982C810E}.Release|Any CPU.Build.0 = Release|Any CPU
		{27835CAB-36F3-4F39-B658-5B3E2616D058}.Debug|Any CPU.ActiveCfg = Debug|Any CPU
		{27835CAB-36F3-4F39-B658-5B3E2616D058}.Debug|Any CPU.Build.0 = Debug|Any CPU
		{27835CAB-36F3-4F39-B658-5B3E2616D058}.Release|Any CPU.ActiveCfg = Release|Any CPU
		{27835CAB-36F3-4F39-B658-5B3E2616D058}.Release|Any CPU.Build.0 = Release|Any CPU
	EndGlobalSection
	GlobalSection(SolutionProperties) = preSolution
		HideSolutionNode = FALSE
	EndGlobalSection
EndGlobal
