// !$*UTF8*$!
{
	archiveVersion = 1;
	classes = {
	};
	objectVersion = 46;
	objects = {

/* Begin PBXBuildFile section */
		1E087CA11B1351DD00FE1603 /* DataHeader.h in Headers */ = {isa = PBXBuildFile; fileRef = 1E087C9F1B1351DD00FE1603 /* DataHeader.h */; settings = {ATTRIBUTES = (Public, ); }; };
		1E087CA21B1351DD00FE1603 /* DataHeader.m in Sources */ = {isa = PBXBuildFile; fileRef = 1E087CA01B1351DD00FE1603 /* DataHeader.m */; };
		1E087CA51B1351E700FE1603 /* DataFooter.h in Headers */ = {isa = PBXBuildFile; fileRef = 1E087CA31B1351E700FE1603 /* DataFooter.h */; settings = {ATTRIBUTES = (Public, ); }; };
		1E087CA61B1351E700FE1603 /* DataFooter.m in Sources */ = {isa = PBXBuildFile; fileRef = 1E087CA41B1351E700FE1603 /* DataFooter.m */; };
		1E35424B1B1627540037EC2F /* Communicator.h in Headers */ = {isa = PBXBuildFile; fileRef = 1E3542491B1627540037EC2F /* Communicator.h */; settings = {ATTRIBUTES = (Public, ); }; };
		1E35424C1B1627540037EC2F /* Communicator.m in Sources */ = {isa = PBXBuildFile; fileRef = 1E35424A1B1627540037EC2F /* Communicator.m */; };
		1E3542551B16294B0037EC2F /* Connection.h in Headers */ = {isa = PBXBuildFile; fileRef = 1E3542531B16294B0037EC2F /* Connection.h */; settings = {ATTRIBUTES = (Public, ); }; };
		1E3542561B16294B0037EC2F /* Connection.m in Sources */ = {isa = PBXBuildFile; fileRef = 1E3542541B16294B0037EC2F /* Connection.m */; };
		1E3542591B162A010037EC2F /* ConnectionsManager.h in Headers */ = {isa = PBXBuildFile; fileRef = 1E3542571B162A010037EC2F /* ConnectionsManager.h */; settings = {ATTRIBUTES = (Public, ); }; };
		1E35425A1B162A010037EC2F /* ConnectionsManager.m in Sources */ = {isa = PBXBuildFile; fileRef = 1E3542581B162A010037EC2F /* ConnectionsManager.m */; };
		1E35425D1B162A0C0037EC2F /* SearchingManager.h in Headers */ = {isa = PBXBuildFile; fileRef = 1E35425B1B162A0C0037EC2F /* SearchingManager.h */; settings = {ATTRIBUTES = (Public, ); }; };
		1E35425E1B162A0C0037EC2F /* SearchingManager.m in Sources */ = {isa = PBXBuildFile; fileRef = 1E35425C1B162A0C0037EC2F /* SearchingManager.m */; };
		1E3542611B162A190037EC2F /* ListeningManager.h in Headers */ = {isa = PBXBuildFile; fileRef = 1E35425F1B162A190037EC2F /* ListeningManager.h */; settings = {ATTRIBUTES = (Public, ); }; };
		1E3542621B162A190037EC2F /* ListeningManager.m in Sources */ = {isa = PBXBuildFile; fileRef = 1E3542601B162A190037EC2F /* ListeningManager.m */; };
		1E3542651B162A240037EC2F /* PublishingManager.h in Headers */ = {isa = PBXBuildFile; fileRef = 1E3542631B162A240037EC2F /* PublishingManager.h */; settings = {ATTRIBUTES = (Public, ); }; };
		1E3542661B162A240037EC2F /* PublishingManager.m in Sources */ = {isa = PBXBuildFile; fileRef = 1E3542641B162A240037EC2F /* PublishingManager.m */; };
		1E6F54881B12564C00E86A7E /* DataSerializers.h in Headers */ = {isa = PBXBuildFile; fileRef = 1E6F54861B12564C00E86A7E /* DataSerializers.h */; settings = {ATTRIBUTES = (Public, ); }; };
		1E6F54891B12564C00E86A7E /* DataSerializers.m in Sources */ = {isa = PBXBuildFile; fileRef = 1E6F54871B12564C00E86A7E /* DataSerializers.m */; };
		1E8518211B11BE9000E395C2 /* CommunicatorInfo.h in Headers */ = {isa = PBXBuildFile; fileRef = 1E85181F1B11BE9000E395C2 /* CommunicatorInfo.h */; settings = {ATTRIBUTES = (Public, ); }; };
		1E8518221B11BE9000E395C2 /* CommunicatorInfo.m in Sources */ = {isa = PBXBuildFile; fileRef = 1E8518201B11BE9000E395C2 /* CommunicatorInfo.m */; };
		1E8518251B11BECA00E395C2 /* TXTRecordList.h in Headers */ = {isa = PBXBuildFile; fileRef = 1E8518231B11BECA00E395C2 /* TXTRecordList.h */; settings = {ATTRIBUTES = (Public, ); }; };
		1E8518261B11BECA00E395C2 /* TXTRecordList.m in Sources */ = {isa = PBXBuildFile; fileRef = 1E8518241B11BECA00E395C2 /* TXTRecordList.m */; };
		1E8518291B11BED500E395C2 /* TXTRecord.h in Headers */ = {isa = PBXBuildFile; fileRef = 1E8518271B11BED500E395C2 /* TXTRecord.h */; settings = {ATTRIBUTES = (Public, ); }; };
		1E85182A1B11BED500E395C2 /* TXTRecord.m in Sources */ = {isa = PBXBuildFile; fileRef = 1E8518281B11BED500E395C2 /* TXTRecord.m */; };
		1EA7C83D1B1269F2003B3BD4 /* ByteHeader.h in Headers */ = {isa = PBXBuildFile; fileRef = 1EA7C83B1B1269F2003B3BD4 /* ByteHeader.h */; settings = {ATTRIBUTES = (Private, ); }; };
		1EA7C83E1B1269F2003B3BD4 /* ByteHeader.m in Sources */ = {isa = PBXBuildFile; fileRef = 1EA7C83C1B1269F2003B3BD4 /* ByteHeader.m */; };
		1EA7C8411B129F54003B3BD4 /* DataHeaderFooter.h in Headers */ = {isa = PBXBuildFile; fileRef = 1EA7C83F1B129F54003B3BD4 /* DataHeaderFooter.h */; settings = {ATTRIBUTES = (Public, ); }; };
		1EA7C8421B129F54003B3BD4 /* DataHeaderFooter.m in Sources */ = {isa = PBXBuildFile; fileRef = 1EA7C8401B129F54003B3BD4 /* DataHeaderFooter.m */; };
		1EA7C8451B12A2CC003B3BD4 /* CommunicationData.h in Headers */ = {isa = PBXBuildFile; fileRef = 1EA7C8431B12A2CC003B3BD4 /* CommunicationData.h */; settings = {ATTRIBUTES = (Public, ); }; };
		1EA7C8461B12A2CC003B3BD4 /* CommunicationData.m in Sources */ = {isa = PBXBuildFile; fileRef = 1EA7C8441B12A2CC003B3BD4 /* CommunicationData.m */; };
		1EA7C8471B12A416003B3BD4 /* CommunicationDataType.h in Headers */ = {isa = PBXBuildFile; fileRef = 1E6F548E1B12596200E86A7E /* CommunicationDataType.h */; settings = {ATTRIBUTES = (Public, ); }; };
		1EA7C84A1B131742003B3BD4 /* DataInfo.h in Headers */ = {isa = PBXBuildFile; fileRef = 1EA7C8481B131742003B3BD4 /* DataInfo.h */; settings = {ATTRIBUTES = (Public, ); }; };
		1EA7C84B1B131742003B3BD4 /* DataInfo.m in Sources */ = {isa = PBXBuildFile; fileRef = 1EA7C8491B131742003B3BD4 /* DataInfo.m */; };
		1EA7C84E1B13178C003B3BD4 /* DataContent.h in Headers */ = {isa = PBXBuildFile; fileRef = 1EA7C84C1B13178C003B3BD4 /* DataContent.h */; settings = {ATTRIBUTES = (Public, ); }; };
		1EA7C84F1B13178C003B3BD4 /* DataContent.m in Sources */ = {isa = PBXBuildFile; fileRef = 1EA7C84D1B13178C003B3BD4 /* DataContent.m */; };
		1EE5B8CE1B11C52C00FFC5F8 /* ProtocolInfo.h in Headers */ = {isa = PBXBuildFile; fileRef = 1EE5B8CC1B11C52C00FFC5F8 /* ProtocolInfo.h */; settings = {ATTRIBUTES = (Public, ); }; };
		1EE5B8CF1B11C52C00FFC5F8 /* ProtocolInfo.m in Sources */ = {isa = PBXBuildFile; fileRef = 1EE5B8CD1B11C52C00FFC5F8 /* ProtocolInfo.m */; };
		1EFC2B721B11BD1300B121C0 /* Communicate.h in Headers */ = {isa = PBXBuildFile; fileRef = 1EFC2B711B11BD1300B121C0 /* Communicate.h */; settings = {ATTRIBUTES = (Public, ); }; };
		1EFC2B781B11BD1300B121C0 /* Communicate.framework in Frameworks */ = {isa = PBXBuildFile; fileRef = 1EFC2B6C1B11BD1300B121C0 /* Communicate.framework */; };
		1EFC2B7F1B11BD1300B121C0 /* CommunicateTests.m in Sources */ = {isa = PBXBuildFile; fileRef = 1EFC2B7E1B11BD1300B121C0 /* CommunicateTests.m */; };
/* End PBXBuildFile section */

/* Begin PBXContainerItemProxy section */
		1E30C6F11B13C451000045C2 /* PBXContainerItemProxy */ = {
			isa = PBXContainerItemProxy;
			containerPortal = 1E30C6EC1B13C451000045C2 /* Demo.xcodeproj */;
			proxyType = 2;
			remoteGlobalIDString = 1EE5B8E11B11DB8F00FFC5F8;
			remoteInfo = Demo;
		};
		1E30C6F31B13C451000045C2 /* PBXContainerItemProxy */ = {
			isa = PBXContainerItemProxy;
			containerPortal = 1E30C6EC1B13C451000045C2 /* Demo.xcodeproj */;
			proxyType = 2;
			remoteGlobalIDString = 1EE5B8FA1B11DB8F00FFC5F8;
			remoteInfo = DemoTests;
		};
		1EFC2B791B11BD1300B121C0 /* PBXContainerItemProxy */ = {
			isa = PBXContainerItemProxy;
			containerPortal = 1EFC2B631B11BD1300B121C0 /* Project object */;
			proxyType = 1;
			remoteGlobalIDString = 1EFC2B6B1B11BD1300B121C0;
			remoteInfo = Communicate;
		};
/* End PBXContainerItemProxy section */

/* Begin PBXFileReference section */
		1E087C9F1B1351DD00FE1603 /* DataHeader.h */ = {isa = PBXFileReference; fileEncoding = 4; lastKnownFileType = sourcecode.c.h; path = DataHeader.h; sourceTree = "<group>"; };
		1E087CA01B1351DD00FE1603 /* DataHeader.m */ = {isa = PBXFileReference; fileEncoding = 4; lastKnownFileType = sourcecode.c.objc; path = DataHeader.m; sourceTree = "<group>"; };
		1E087CA31B1351E700FE1603 /* DataFooter.h */ = {isa = PBXFileReference; fileEncoding = 4; lastKnownFileType = sourcecode.c.h; path = DataFooter.h; sourceTree = "<group>"; };
		1E087CA41B1351E700FE1603 /* DataFooter.m */ = {isa = PBXFileReference; fileEncoding = 4; lastKnownFileType = sourcecode.c.objc; path = DataFooter.m; sourceTree = "<group>"; };
		1E30C6EC1B13C451000045C2 /* Demo.xcodeproj */ = {isa = PBXFileReference; lastKnownFileType = "wrapper.pb-project"; name = Demo.xcodeproj; path = Demo/Demo/Demo.xcodeproj; sourceTree = "<group>"; };
		1E3542491B1627540037EC2F /* Communicator.h */ = {isa = PBXFileReference; fileEncoding = 4; lastKnownFileType = sourcecode.c.h; path = Communicator.h; sourceTree = "<group>"; };
		1E35424A1B1627540037EC2F /* Communicator.m */ = {isa = PBXFileReference; fileEncoding = 4; lastKnownFileType = sourcecode.c.objc; path = Communicator.m; sourceTree = "<group>"; };
		1E3542531B16294B0037EC2F /* Connection.h */ = {isa = PBXFileReference; fileEncoding = 4; lastKnownFileType = sourcecode.c.h; path = Connection.h; sourceTree = "<group>"; };
		1E3542541B16294B0037EC2F /* Connection.m */ = {isa = PBXFileReference; fileEncoding = 4; lastKnownFileType = sourcecode.c.objc; path = Connection.m; sourceTree = "<group>"; };
		1E3542571B162A010037EC2F /* ConnectionsManager.h */ = {isa = PBXFileReference; fileEncoding = 4; lastKnownFileType = sourcecode.c.h; path = ConnectionsManager.h; sourceTree = "<group>"; };
		1E3542581B162A010037EC2F /* ConnectionsManager.m */ = {isa = PBXFileReference; fileEncoding = 4; lastKnownFileType = sourcecode.c.objc; path = ConnectionsManager.m; sourceTree = "<group>"; };
		1E35425B1B162A0C0037EC2F /* SearchingManager.h */ = {isa = PBXFileReference; fileEncoding = 4; lastKnownFileType = sourcecode.c.h; path = SearchingManager.h; sourceTree = "<group>"; };
		1E35425C1B162A0C0037EC2F /* SearchingManager.m */ = {isa = PBXFileReference; fileEncoding = 4; lastKnownFileType = sourcecode.c.objc; path = SearchingManager.m; sourceTree = "<group>"; };
		1E35425F1B162A190037EC2F /* ListeningManager.h */ = {isa = PBXFileReference; fileEncoding = 4; lastKnownFileType = sourcecode.c.h; path = ListeningManager.h; sourceTree = "<group>"; };
		1E3542601B162A190037EC2F /* ListeningManager.m */ = {isa = PBXFileReference; fileEncoding = 4; lastKnownFileType = sourcecode.c.objc; path = ListeningManager.m; sourceTree = "<group>"; };
		1E3542631B162A240037EC2F /* PublishingManager.h */ = {isa = PBXFileReference; fileEncoding = 4; lastKnownFileType = sourcecode.c.h; path = PublishingManager.h; sourceTree = "<group>"; };
		1E3542641B162A240037EC2F /* PublishingManager.m */ = {isa = PBXFileReference; fileEncoding = 4; lastKnownFileType = sourcecode.c.objc; path = PublishingManager.m; sourceTree = "<group>"; };
		1E6F54861B12564C00E86A7E /* DataSerializers.h */ = {isa = PBXFileReference; fileEncoding = 4; lastKnownFileType = sourcecode.c.h; path = DataSerializers.h; sourceTree = "<group>"; };
		1E6F54871B12564C00E86A7E /* DataSerializers.m */ = {isa = PBXFileReference; fileEncoding = 4; lastKnownFileType = sourcecode.c.objc; path = DataSerializers.m; sourceTree = "<group>"; };
		1E6F548E1B12596200E86A7E /* CommunicationDataType.h */ = {isa = PBXFileReference; lastKnownFileType = sourcecode.c.h; path = CommunicationDataType.h; sourceTree = "<group>"; };
		1E85181F1B11BE9000E395C2 /* CommunicatorInfo.h */ = {isa = PBXFileReference; fileEncoding = 4; lastKnownFileType = sourcecode.c.h; name = CommunicatorInfo.h; path = ../Server/CommunicatorInfo.h; sourceTree = "<group>"; };
		1E8518201B11BE9000E395C2 /* CommunicatorInfo.m */ = {isa = PBXFileReference; fileEncoding = 4; lastKnownFileType = sourcecode.c.objc; name = CommunicatorInfo.m; path = ../Server/CommunicatorInfo.m; sourceTree = "<group>"; };
		1E8518231B11BECA00E395C2 /* TXTRecordList.h */ = {isa = PBXFileReference; fileEncoding = 4; lastKnownFileType = sourcecode.c.h; path = TXTRecordList.h; sourceTree = "<group>"; };
		1E8518241B11BECA00E395C2 /* TXTRecordList.m */ = {isa = PBXFileReference; fileEncoding = 4; lastKnownFileType = sourcecode.c.objc; path = TXTRecordList.m; sourceTree = "<group>"; };
		1E8518271B11BED500E395C2 /* TXTRecord.h */ = {isa = PBXFileReference; fileEncoding = 4; lastKnownFileType = sourcecode.c.h; path = TXTRecord.h; sourceTree = "<group>"; };
		1E8518281B11BED500E395C2 /* TXTRecord.m */ = {isa = PBXFileReference; fileEncoding = 4; lastKnownFileType = sourcecode.c.objc; path = TXTRecord.m; sourceTree = "<group>"; };
		1EA7C83B1B1269F2003B3BD4 /* ByteHeader.h */ = {isa = PBXFileReference; fileEncoding = 4; lastKnownFileType = sourcecode.c.h; path = ByteHeader.h; sourceTree = "<group>"; };
		1EA7C83C1B1269F2003B3BD4 /* ByteHeader.m */ = {isa = PBXFileReference; fileEncoding = 4; lastKnownFileType = sourcecode.c.objc; path = ByteHeader.m; sourceTree = "<group>"; };
		1EA7C83F1B129F54003B3BD4 /* DataHeaderFooter.h */ = {isa = PBXFileReference; fileEncoding = 4; lastKnownFileType = sourcecode.c.h; path = DataHeaderFooter.h; sourceTree = "<group>"; };
		1EA7C8401B129F54003B3BD4 /* DataHeaderFooter.m */ = {isa = PBXFileReference; fileEncoding = 4; lastKnownFileType = sourcecode.c.objc; path = DataHeaderFooter.m; sourceTree = "<group>"; };
		1EA7C8431B12A2CC003B3BD4 /* CommunicationData.h */ = {isa = PBXFileReference; fileEncoding = 4; lastKnownFileType = sourcecode.c.h; path = CommunicationData.h; sourceTree = "<group>"; };
		1EA7C8441B12A2CC003B3BD4 /* CommunicationData.m */ = {isa = PBXFileReference; fileEncoding = 4; lastKnownFileType = sourcecode.c.objc; path = CommunicationData.m; sourceTree = "<group>"; };
		1EA7C8481B131742003B3BD4 /* DataInfo.h */ = {isa = PBXFileReference; fileEncoding = 4; lastKnownFileType = sourcecode.c.h; path = DataInfo.h; sourceTree = "<group>"; };
		1EA7C8491B131742003B3BD4 /* DataInfo.m */ = {isa = PBXFileReference; fileEncoding = 4; lastKnownFileType = sourcecode.c.objc; path = DataInfo.m; sourceTree = "<group>"; };
		1EA7C84C1B13178C003B3BD4 /* DataContent.h */ = {isa = PBXFileReference; fileEncoding = 4; lastKnownFileType = sourcecode.c.h; path = DataContent.h; sourceTree = "<group>"; };
		1EA7C84D1B13178C003B3BD4 /* DataContent.m */ = {isa = PBXFileReference; fileEncoding = 4; lastKnownFileType = sourcecode.c.objc; path = DataContent.m; sourceTree = "<group>"; };
		1EE5B8CC1B11C52C00FFC5F8 /* ProtocolInfo.h */ = {isa = PBXFileReference; fileEncoding = 4; lastKnownFileType = sourcecode.c.h; path = ProtocolInfo.h; sourceTree = "<group>"; };
		1EE5B8CD1B11C52C00FFC5F8 /* ProtocolInfo.m */ = {isa = PBXFileReference; fileEncoding = 4; lastKnownFileType = sourcecode.c.objc; path = ProtocolInfo.m; sourceTree = "<group>"; };
		1EFC2B6C1B11BD1300B121C0 /* Communicate.framework */ = {isa = PBXFileReference; explicitFileType = wrapper.framework; includeInIndex = 0; path = Communicate.framework; sourceTree = BUILT_PRODUCTS_DIR; };
		1EFC2B701B11BD1300B121C0 /* Info.plist */ = {isa = PBXFileReference; lastKnownFileType = text.plist.xml; path = Info.plist; sourceTree = "<group>"; };
		1EFC2B711B11BD1300B121C0 /* Communicate.h */ = {isa = PBXFileReference; lastKnownFileType = sourcecode.c.h; path = Communicate.h; sourceTree = "<group>"; };
		1EFC2B771B11BD1300B121C0 /* CommunicateTests.xctest */ = {isa = PBXFileReference; explicitFileType = wrapper.cfbundle; includeInIndex = 0; path = CommunicateTests.xctest; sourceTree = BUILT_PRODUCTS_DIR; };
		1EFC2B7D1B11BD1300B121C0 /* Info.plist */ = {isa = PBXFileReference; lastKnownFileType = text.plist.xml; path = Info.plist; sourceTree = "<group>"; };
		1EFC2B7E1B11BD1300B121C0 /* CommunicateTests.m */ = {isa = PBXFileReference; lastKnownFileType = sourcecode.c.objc; path = CommunicateTests.m; sourceTree = "<group>"; };
/* End PBXFileReference section */

/* Begin PBXFrameworksBuildPhase section */
		1EFC2B681B11BD1300B121C0 /* Frameworks */ = {
			isa = PBXFrameworksBuildPhase;
			buildActionMask = 2147483647;
			files = (
			);
			runOnlyForDeploymentPostprocessing = 0;
		};
		1EFC2B741B11BD1300B121C0 /* Frameworks */ = {
			isa = PBXFrameworksBuildPhase;
			buildActionMask = 2147483647;
			files = (
				1EFC2B781B11BD1300B121C0 /* Communicate.framework in Frameworks */,
			);
			runOnlyForDeploymentPostprocessing = 0;
		};
/* End PBXFrameworksBuildPhase section */

/* Begin PBXGroup section */
		1E087CA71B13521500FE1603 /* Data Content */ = {
			isa = PBXGroup;
			children = (
				1EA7C8431B12A2CC003B3BD4 /* CommunicationData.h */,
				1EA7C8441B12A2CC003B3BD4 /* CommunicationData.m */,
				1E6F548E1B12596200E86A7E /* CommunicationDataType.h */,
				1EA7C8481B131742003B3BD4 /* DataInfo.h */,
				1EA7C8491B131742003B3BD4 /* DataInfo.m */,
				1E087CAC1B13689E00FE1603 /* Headers and Footers */,
				1E087CAD1B1368C000FE1603 /* Content */,
			);
			name = "Data Content";
			sourceTree = "<group>";
		};
		1E087CAC1B13689E00FE1603 /* Headers and Footers */ = {
			isa = PBXGroup;
			children = (
				1EA7C83B1B1269F2003B3BD4 /* ByteHeader.h */,
				1EA7C83C1B1269F2003B3BD4 /* ByteHeader.m */,
				1EA7C83F1B129F54003B3BD4 /* DataHeaderFooter.h */,
				1EA7C8401B129F54003B3BD4 /* DataHeaderFooter.m */,
				1E087C9F1B1351DD00FE1603 /* DataHeader.h */,
				1E087CA01B1351DD00FE1603 /* DataHeader.m */,
				1E087CA31B1351E700FE1603 /* DataFooter.h */,
				1E087CA41B1351E700FE1603 /* DataFooter.m */,
			);
			name = "Headers and Footers";
			sourceTree = "<group>";
		};
		1E087CAD1B1368C000FE1603 /* Content */ = {
			isa = PBXGroup;
			children = (
				1EA7C84C1B13178C003B3BD4 /* DataContent.h */,
				1EA7C84D1B13178C003B3BD4 /* DataContent.m */,
				1E6F54861B12564C00E86A7E /* DataSerializers.h */,
				1E6F54871B12564C00E86A7E /* DataSerializers.m */,
			);
			name = Content;
			sourceTree = "<group>";
		};
		1E30C6ED1B13C451000045C2 /* Products */ = {
			isa = PBXGroup;
			children = (
				1E30C6F21B13C451000045C2 /* Demo.app */,
				1E30C6F41B13C451000045C2 /* DemoTests.xctest */,
			);
			name = Products;
			sourceTree = "<group>";
		};
		1E35424F1B16281E0037EC2F /* Publishing */ = {
			isa = PBXGroup;
			children = (
				1E3542631B162A240037EC2F /* PublishingManager.h */,
				1E3542641B162A240037EC2F /* PublishingManager.m */,
			);
			path = Publishing;
			sourceTree = "<group>";
		};
		1E3542501B1628250037EC2F /* Listening */ = {
			isa = PBXGroup;
			children = (
				1E35425F1B162A190037EC2F /* ListeningManager.h */,
				1E3542601B162A190037EC2F /* ListeningManager.m */,
			);
			path = Listening;
			sourceTree = "<group>";
		};
		1E3542511B16282B0037EC2F /* Connections */ = {
			isa = PBXGroup;
			children = (
				1E3542531B16294B0037EC2F /* Connection.h */,
				1E3542541B16294B0037EC2F /* Connection.m */,
				1E3542571B162A010037EC2F /* ConnectionsManager.h */,
				1E3542581B162A010037EC2F /* ConnectionsManager.m */,
			);
			path = Connections;
			sourceTree = "<group>";
		};
		1E3542521B1628830037EC2F /* Searching */ = {
			isa = PBXGroup;
			children = (
				1E35425B1B162A0C0037EC2F /* SearchingManager.h */,
				1E35425C1B162A0C0037EC2F /* SearchingManager.m */,
			);
			path = Searching;
			sourceTree = "<group>";
		};
		1E85181E1B11BDE100E395C2 /* Common */ = {
			isa = PBXGroup;
			children = (
				1EA7C8501B131792003B3BD4 /* TXTRecords */,
				1E85181F1B11BE9000E395C2 /* CommunicatorInfo.h */,
				1E8518201B11BE9000E395C2 /* CommunicatorInfo.m */,
				1EE5B8CC1B11C52C00FFC5F8 /* ProtocolInfo.h */,
				1EE5B8CD1B11C52C00FFC5F8 /* ProtocolInfo.m */,
				1E087CA71B13521500FE1603 /* Data Content */,
			);
			path = Common;
			sourceTree = "<group>";
		};
		1EA7C8501B131792003B3BD4 /* TXTRecords */ = {
			isa = PBXGroup;
			children = (
				1E8518231B11BECA00E395C2 /* TXTRecordList.h */,
				1E8518241B11BECA00E395C2 /* TXTRecordList.m */,
				1E8518271B11BED500E395C2 /* TXTRecord.h */,
				1E8518281B11BED500E395C2 /* TXTRecord.m */,
			);
			name = TXTRecords;
			sourceTree = "<group>";
		};
		1EFC2B621B11BD1300B121C0 = {
			isa = PBXGroup;
			children = (
				1E30C6EC1B13C451000045C2 /* Demo.xcodeproj */,
				1EFC2B6E1B11BD1300B121C0 /* Communicate */,
				1EFC2B7B1B11BD1300B121C0 /* CommunicateTests */,
				1EFC2B6D1B11BD1300B121C0 /* Products */,
			);
			sourceTree = "<group>";
		};
		1EFC2B6D1B11BD1300B121C0 /* Products */ = {
			isa = PBXGroup;
			children = (
				1EFC2B6C1B11BD1300B121C0 /* Communicate.framework */,
				1EFC2B771B11BD1300B121C0 /* CommunicateTests.xctest */,
			);
			name = Products;
			sourceTree = "<group>";
		};
		1EFC2B6E1B11BD1300B121C0 /* Communicate */ = {
			isa = PBXGroup;
			children = (
				1E3542491B1627540037EC2F /* Communicator.h */,
				1E35424A1B1627540037EC2F /* Communicator.m */,
				1E35424F1B16281E0037EC2F /* Publishing */,
				1E3542501B1628250037EC2F /* Listening */,
				1E3542521B1628830037EC2F /* Searching */,
				1E3542511B16282B0037EC2F /* Connections */,
				1E85181E1B11BDE100E395C2 /* Common */,
				1EFC2B711B11BD1300B121C0 /* Communicate.h */,
				1EFC2B6F1B11BD1300B121C0 /* Supporting Files */,
			);
			path = Communicate;
			sourceTree = "<group>";
		};
		1EFC2B6F1B11BD1300B121C0 /* Supporting Files */ = {
			isa = PBXGroup;
			children = (
				1EFC2B701B11BD1300B121C0 /* Info.plist */,
			);
			name = "Supporting Files";
			sourceTree = "<group>";
		};
		1EFC2B7B1B11BD1300B121C0 /* CommunicateTests */ = {
			isa = PBXGroup;
			children = (
				1EFC2B7E1B11BD1300B121C0 /* CommunicateTests.m */,
				1EFC2B7C1B11BD1300B121C0 /* Supporting Files */,
			);
			path = CommunicateTests;
			sourceTree = "<group>";
		};
		1EFC2B7C1B11BD1300B121C0 /* Supporting Files */ = {
			isa = PBXGroup;
			children = (
				1EFC2B7D1B11BD1300B121C0 /* Info.plist */,
			);
			name = "Supporting Files";
			sourceTree = "<group>";
		};
/* End PBXGroup section */

/* Begin PBXHeadersBuildPhase section */
		1EFC2B691B11BD1300B121C0 /* Headers */ = {
			isa = PBXHeadersBuildPhase;
			buildActionMask = 2147483647;
			files = (
				1EE5B8CE1B11C52C00FFC5F8 /* ProtocolInfo.h in Headers */,
				1E8518291B11BED500E395C2 /* TXTRecord.h in Headers */,
				1E8518251B11BECA00E395C2 /* TXTRecordList.h in Headers */,
				1EA7C8451B12A2CC003B3BD4 /* CommunicationData.h in Headers */,
				1E087CA51B1351E700FE1603 /* DataFooter.h in Headers */,
				1E087CA11B1351DD00FE1603 /* DataHeader.h in Headers */,
				1EA7C84E1B13178C003B3BD4 /* DataContent.h in Headers */,
				1EFC2B721B11BD1300B121C0 /* Communicate.h in Headers */,
				1E3542611B162A190037EC2F /* ListeningManager.h in Headers */,
				1E6F54881B12564C00E86A7E /* DataSerializers.h in Headers */,
				1E3542551B16294B0037EC2F /* Connection.h in Headers */,
				1E35424B1B1627540037EC2F /* Communicator.h in Headers */,
				1E3542651B162A240037EC2F /* PublishingManager.h in Headers */,
				1E3542591B162A010037EC2F /* ConnectionsManager.h in Headers */,
				1E35425D1B162A0C0037EC2F /* SearchingManager.h in Headers */,
				1EA7C8471B12A416003B3BD4 /* CommunicationDataType.h in Headers */,
				1EA7C84A1B131742003B3BD4 /* DataInfo.h in Headers */,
				1EA7C8411B129F54003B3BD4 /* DataHeaderFooter.h in Headers */,
				1E8518211B11BE9000E395C2 /* CommunicatorInfo.h in Headers */,
				1EA7C83D1B1269F2003B3BD4 /* ByteHeader.h in Headers */,
			);
			runOnlyForDeploymentPostprocessing = 0;
		};
/* End PBXHeadersBuildPhase section */

/* Begin PBXNativeTarget section */
		1EFC2B6B1B11BD1300B121C0 /* Communicate */ = {
			isa = PBXNativeTarget;
			buildConfigurationList = 1EFC2B821B11BD1300B121C0 /* Build configuration list for PBXNativeTarget "Communicate" */;
			buildPhases = (
				1EFC2B671B11BD1300B121C0 /* Sources */,
				1EFC2B681B11BD1300B121C0 /* Frameworks */,
				1EFC2B6A1B11BD1300B121C0 /* Resources */,
				1EFC2B691B11BD1300B121C0 /* Headers */,
			);
			buildRules = (
			);
			dependencies = (
			);
			name = Communicate;
			productName = Communicate;
			productReference = 1EFC2B6C1B11BD1300B121C0 /* Communicate.framework */;
			productType = "com.apple.product-type.framework";
		};
		1EFC2B761B11BD1300B121C0 /* CommunicateTests */ = {
			isa = PBXNativeTarget;
			buildConfigurationList = 1EFC2B851B11BD1300B121C0 /* Build configuration list for PBXNativeTarget "CommunicateTests" */;
			buildPhases = (
				1EFC2B731B11BD1300B121C0 /* Sources */,
				1EFC2B741B11BD1300B121C0 /* Frameworks */,
				1EFC2B751B11BD1300B121C0 /* Resources */,
			);
			buildRules = (
			);
			dependencies = (
				1EFC2B7A1B11BD1300B121C0 /* PBXTargetDependency */,
			);
			name = CommunicateTests;
			productName = CommunicateTests;
			productReference = 1EFC2B771B11BD1300B121C0 /* CommunicateTests.xctest */;
			productType = "com.apple.product-type.bundle.unit-test";
		};
/* End PBXNativeTarget section */

/* Begin PBXProject section */
		1EFC2B631B11BD1300B121C0 /* Project object */ = {
			isa = PBXProject;
			attributes = {
				LastUpgradeCheck = 0630;
				ORGANIZATIONNAME = "Hugh Bellamy";
				TargetAttributes = {
					1EFC2B6B1B11BD1300B121C0 = {
						CreatedOnToolsVersion = 6.3.2;
					};
					1EFC2B761B11BD1300B121C0 = {
						CreatedOnToolsVersion = 6.3.2;
					};
				};
			};
			buildConfigurationList = 1EFC2B661B11BD1300B121C0 /* Build configuration list for PBXProject "Communicate" */;
			compatibilityVersion = "Xcode 3.2";
			developmentRegion = English;
			hasScannedForEncodings = 0;
			knownRegions = (
				en,
			);
			mainGroup = 1EFC2B621B11BD1300B121C0;
			productRefGroup = 1EFC2B6D1B11BD1300B121C0 /* Products */;
			projectDirPath = "";
			projectReferences = (
				{
					ProductGroup = 1E30C6ED1B13C451000045C2 /* Products */;
					ProjectRef = 1E30C6EC1B13C451000045C2 /* Demo.xcodeproj */;
				},
			);
			projectRoot = "";
			targets = (
				1EFC2B6B1B11BD1300B121C0 /* Communicate */,
				1EFC2B761B11BD1300B121C0 /* CommunicateTests */,
			);
		};
/* End PBXProject section */

/* Begin PBXReferenceProxy section */
		1E30C6F21B13C451000045C2 /* Demo.app */ = {
			isa = PBXReferenceProxy;
			fileType = wrapper.application;
			path = Demo.app;
			remoteRef = 1E30C6F11B13C451000045C2 /* PBXContainerItemProxy */;
			sourceTree = BUILT_PRODUCTS_DIR;
		};
		1E30C6F41B13C451000045C2 /* DemoTests.xctest */ = {
			isa = PBXReferenceProxy;
			fileType = wrapper.cfbundle;
			path = DemoTests.xctest;
			remoteRef = 1E30C6F31B13C451000045C2 /* PBXContainerItemProxy */;
			sourceTree = BUILT_PRODUCTS_DIR;
		};
/* End PBXReferenceProxy section */

/* Begin PBXResourcesBuildPhase section */
		1EFC2B6A1B11BD1300B121C0 /* Resources */ = {
			isa = PBXResourcesBuildPhase;
			buildActionMask = 2147483647;
			files = (
			);
			runOnlyForDeploymentPostprocessing = 0;
		};
		1EFC2B751B11BD1300B121C0 /* Resources */ = {
			isa = PBXResourcesBuildPhase;
			buildActionMask = 2147483647;
			files = (
			);
			runOnlyForDeploymentPostprocessing = 0;
		};
/* End PBXResourcesBuildPhase section */

/* Begin PBXSourcesBuildPhase section */
		1EFC2B671B11BD1300B121C0 /* Sources */ = {
			isa = PBXSourcesBuildPhase;
			buildActionMask = 2147483647;
			files = (
				1E85182A1B11BED500E395C2 /* TXTRecord.m in Sources */,
				1E8518221B11BE9000E395C2 /* CommunicatorInfo.m in Sources */,
				1E3542621B162A190037EC2F /* ListeningManager.m in Sources */,
				1EA7C8421B129F54003B3BD4 /* DataHeaderFooter.m in Sources */,
				1EA7C84F1B13178C003B3BD4 /* DataContent.m in Sources */,
				1EA7C8461B12A2CC003B3BD4 /* CommunicationData.m in Sources */,
				1E8518261B11BECA00E395C2 /* TXTRecordList.m in Sources */,
				1EE5B8CF1B11C52C00FFC5F8 /* ProtocolInfo.m in Sources */,
				1E087CA21B1351DD00FE1603 /* DataHeader.m in Sources */,
				1E087CA61B1351E700FE1603 /* DataFooter.m in Sources */,
				1EA7C83E1B1269F2003B3BD4 /* ByteHeader.m in Sources */,
				1E35425A1B162A010037EC2F /* ConnectionsManager.m in Sources */,
				1EA7C84B1B131742003B3BD4 /* DataInfo.m in Sources */,
				1E35425E1B162A0C0037EC2F /* SearchingManager.m in Sources */,
				1E6F54891B12564C00E86A7E /* DataSerializers.m in Sources */,
				1E35424C1B1627540037EC2F /* Communicator.m in Sources */,
				1E3542661B162A240037EC2F /* PublishingManager.m in Sources */,
				1E3542561B16294B0037EC2F /* Connection.m in Sources */,
			);
			runOnlyForDeploymentPostprocessing = 0;
		};
		1EFC2B731B11BD1300B121C0 /* Sources */ = {
			isa = PBXSourcesBuildPhase;
			buildActionMask = 2147483647;
			files = (
				1EFC2B7F1B11BD1300B121C0 /* CommunicateTests.m in Sources */,
			);
			runOnlyForDeploymentPostprocessing = 0;
		};
/* End PBXSourcesBuildPhase section */

/* Begin PBXTargetDependency section */
		1EFC2B7A1B11BD1300B121C0 /* PBXTargetDependency */ = {
			isa = PBXTargetDependency;
			target = 1EFC2B6B1B11BD1300B121C0 /* Communicate */;
			targetProxy = 1EFC2B791B11BD1300B121C0 /* PBXContainerItemProxy */;
		};
/* End PBXTargetDependency section */

/* Begin XCBuildConfiguration section */
		1EFC2B801B11BD1300B121C0 /* Debug */ = {
			isa = XCBuildConfiguration;
			buildSettings = {
				ALWAYS_SEARCH_USER_PATHS = NO;
				CLANG_CXX_LANGUAGE_STANDARD = "gnu++0x";
				CLANG_CXX_LIBRARY = "libc++";
				CLANG_ENABLE_MODULES = YES;
				CLANG_ENABLE_OBJC_ARC = YES;
				CLANG_WARN_BOOL_CONVERSION = YES;
				CLANG_WARN_CONSTANT_CONVERSION = YES;
				CLANG_WARN_DIRECT_OBJC_ISA_USAGE = YES_ERROR;
				CLANG_WARN_EMPTY_BODY = YES;
				CLANG_WARN_ENUM_CONVERSION = YES;
				CLANG_WARN_INT_CONVERSION = YES;
				CLANG_WARN_OBJC_ROOT_CLASS = YES_ERROR;
				CLANG_WARN_UNREACHABLE_CODE = YES;
				CLANG_WARN__DUPLICATE_METHOD_MATCH = YES;
				"CODE_SIGN_IDENTITY[sdk=iphoneos*]" = "iPhone Developer";
				COPY_PHASE_STRIP = NO;
				CURRENT_PROJECT_VERSION = 1;
				DEBUG_INFORMATION_FORMAT = "dwarf-with-dsym";
				ENABLE_STRICT_OBJC_MSGSEND = YES;
				GCC_C_LANGUAGE_STANDARD = gnu99;
				GCC_DYNAMIC_NO_PIC = NO;
				GCC_NO_COMMON_BLOCKS = YES;
				GCC_OPTIMIZATION_LEVEL = 0;
				GCC_PREPROCESSOR_DEFINITIONS = (
					"DEBUG=1",
					"$(inherited)",
				);
				GCC_SYMBOLS_PRIVATE_EXTERN = NO;
				GCC_WARN_64_TO_32_BIT_CONVERSION = YES;
				GCC_WARN_ABOUT_RETURN_TYPE = YES_ERROR;
				GCC_WARN_UNDECLARED_SELECTOR = YES;
				GCC_WARN_UNINITIALIZED_AUTOS = YES_AGGRESSIVE;
				GCC_WARN_UNUSED_FUNCTION = YES;
				GCC_WARN_UNUSED_VARIABLE = YES;
				IPHONEOS_DEPLOYMENT_TARGET = 8.0;
				MTL_ENABLE_DEBUG_INFO = YES;
				ONLY_ACTIVE_ARCH = YES;
				SDKROOT = iphoneos;
				TARGETED_DEVICE_FAMILY = "1,2";
				VERSIONING_SYSTEM = "apple-generic";
				VERSION_INFO_PREFIX = "";
			};
			name = Debug;
		};
		1EFC2B811B11BD1300B121C0 /* Release */ = {
			isa = XCBuildConfiguration;
			buildSettings = {
				ALWAYS_SEARCH_USER_PATHS = NO;
				CLANG_CXX_LANGUAGE_STANDARD = "gnu++0x";
				CLANG_CXX_LIBRARY = "libc++";
				CLANG_ENABLE_MODULES = YES;
				CLANG_ENABLE_OBJC_ARC = YES;
				CLANG_WARN_BOOL_CONVERSION = YES;
				CLANG_WARN_CONSTANT_CONVERSION = YES;
				CLANG_WARN_DIRECT_OBJC_ISA_USAGE = YES_ERROR;
				CLANG_WARN_EMPTY_BODY = YES;
				CLANG_WARN_ENUM_CONVERSION = YES;
				CLANG_WARN_INT_CONVERSION = YES;
				CLANG_WARN_OBJC_ROOT_CLASS = YES_ERROR;
				CLANG_WARN_UNREACHABLE_CODE = YES;
				CLANG_WARN__DUPLICATE_METHOD_MATCH = YES;
				"CODE_SIGN_IDENTITY[sdk=iphoneos*]" = "iPhone Developer";
				COPY_PHASE_STRIP = NO;
				CURRENT_PROJECT_VERSION = 1;
				DEBUG_INFORMATION_FORMAT = "dwarf-with-dsym";
				ENABLE_NS_ASSERTIONS = NO;
				ENABLE_STRICT_OBJC_MSGSEND = YES;
				GCC_C_LANGUAGE_STANDARD = gnu99;
				GCC_NO_COMMON_BLOCKS = YES;
				GCC_WARN_64_TO_32_BIT_CONVERSION = YES;
				GCC_WARN_ABOUT_RETURN_TYPE = YES_ERROR;
				GCC_WARN_UNDECLARED_SELECTOR = YES;
				GCC_WARN_UNINITIALIZED_AUTOS = YES_AGGRESSIVE;
				GCC_WARN_UNUSED_FUNCTION = YES;
				GCC_WARN_UNUSED_VARIABLE = YES;
				IPHONEOS_DEPLOYMENT_TARGET = 8.0;
				MTL_ENABLE_DEBUG_INFO = NO;
				SDKROOT = iphoneos;
				TARGETED_DEVICE_FAMILY = "1,2";
				VALIDATE_PRODUCT = YES;
				VERSIONING_SYSTEM = "apple-generic";
				VERSION_INFO_PREFIX = "";
			};
			name = Release;
		};
		1EFC2B831B11BD1300B121C0 /* Debug */ = {
			isa = XCBuildConfiguration;
			buildSettings = {
				CODE_SIGN_IDENTITY = "iPhone Developer";
				DEFINES_MODULE = YES;
				DYLIB_COMPATIBILITY_VERSION = 1;
				DYLIB_CURRENT_VERSION = 1;
				DYLIB_INSTALL_NAME_BASE = "@rpath";
				INFOPLIST_FILE = Communicate/Info.plist;
				INSTALL_PATH = "$(LOCAL_LIBRARY_DIR)/Frameworks";
				LD_RUNPATH_SEARCH_PATHS = "$(inherited) @executable_path/Frameworks @loader_path/Frameworks";
				PRODUCT_NAME = "$(TARGET_NAME)";
				SKIP_INSTALL = YES;
			};
			name = Debug;
		};
		1EFC2B841B11BD1300B121C0 /* Release */ = {
			isa = XCBuildConfiguration;
			buildSettings = {
				CODE_SIGN_IDENTITY = "iPhone Developer";
				DEFINES_MODULE = YES;
				DYLIB_COMPATIBILITY_VERSION = 1;
				DYLIB_CURRENT_VERSION = 1;
				DYLIB_INSTALL_NAME_BASE = "@rpath";
				INFOPLIST_FILE = Communicate/Info.plist;
				INSTALL_PATH = "$(LOCAL_LIBRARY_DIR)/Frameworks";
				LD_RUNPATH_SEARCH_PATHS = "$(inherited) @executable_path/Frameworks @loader_path/Frameworks";
				PRODUCT_NAME = "$(TARGET_NAME)";
				SKIP_INSTALL = YES;
			};
			name = Release;
		};
		1EFC2B861B11BD1300B121C0 /* Debug */ = {
			isa = XCBuildConfiguration;
			buildSettings = {
				FRAMEWORK_SEARCH_PATHS = (
					"$(SDKROOT)/Developer/Library/Frameworks",
					"$(inherited)",
				);
				GCC_PREPROCESSOR_DEFINITIONS = (
					"DEBUG=1",
					"$(inherited)",
				);
				INFOPLIST_FILE = CommunicateTests/Info.plist;
				LD_RUNPATH_SEARCH_PATHS = "$(inherited) @executable_path/Frameworks @loader_path/Frameworks";
				PRODUCT_NAME = "$(TARGET_NAME)";
			};
			name = Debug;
		};
		1EFC2B871B11BD1300B121C0 /* Release */ = {
			isa = XCBuildConfiguration;
			buildSettings = {
				FRAMEWORK_SEARCH_PATHS = (
					"$(SDKROOT)/Developer/Library/Frameworks",
					"$(inherited)",
				);
				INFOPLIST_FILE = CommunicateTests/Info.plist;
				LD_RUNPATH_SEARCH_PATHS = "$(inherited) @executable_path/Frameworks @loader_path/Frameworks";
				PRODUCT_NAME = "$(TARGET_NAME)";
			};
			name = Release;
		};
/* End XCBuildConfiguration section */

/* Begin XCConfigurationList section */
		1EFC2B661B11BD1300B121C0 /* Build configuration list for PBXProject "Communicate" */ = {
			isa = XCConfigurationList;
			buildConfigurations = (
				1EFC2B801B11BD1300B121C0 /* Debug */,
				1EFC2B811B11BD1300B121C0 /* Release */,
			);
			defaultConfigurationIsVisible = 0;
			defaultConfigurationName = Release;
		};
		1EFC2B821B11BD1300B121C0 /* Build configuration list for PBXNativeTarget "Communicate" */ = {
			isa = XCConfigurationList;
			buildConfigurations = (
				1EFC2B831B11BD1300B121C0 /* Debug */,
				1EFC2B841B11BD1300B121C0 /* Release */,
			);
			defaultConfigurationIsVisible = 0;
			defaultConfigurationName = Release;
		};
		1EFC2B851B11BD1300B121C0 /* Build configuration list for PBXNativeTarget "CommunicateTests" */ = {
			isa = XCConfigurationList;
			buildConfigurations = (
				1EFC2B861B11BD1300B121C0 /* Debug */,
				1EFC2B871B11BD1300B121C0 /* Release */,
			);
			defaultConfigurationIsVisible = 0;
			defaultConfigurationName = Release;
		};
/* End XCConfigurationList section */
	};
	rootObject = 1EFC2B631B11BD1300B121C0 /* Project object */;
}
