
Microsoft Visual Studio Solution File, Format Version 12.00
# Visual Studio 14
VisualStudioVersion = 14.0.23107.0
MinimumVisualStudioVersion = 10.0.40219.1
Project("{FAE04EC0-301F-11D3-BF4B-00C04F79EFBC}") = "ScreenCaptureExample", "ScreenCaptureExample\ScreenCaptureExample.csproj", "{99D5A52A-6F52-4B65-9B69-C1AD982C810E}"
EndProject
Project("{FAE04EC0-301F-11D3-BF4B-00C04F79EFBC}") = "Communicate Core", "Communicate Core\Communicate Core.csproj", "{27835CAB-36F3-4F39-B658-5B3E2616D058}"
EndProject
Project("{FAE04EC0-301F-11D3-BF4B-00C04F79EFBC}") = "Communicate Bonjour", "Communicate Bonjour\Communicate Bonjour.csproj", "{5BB4E5FB-96ED-4E87-82EE-8E2BD4C6A2C9}"
EndProject
Project("{FAE04EC0-301F-11D3-BF4B-00C04F79EFBC}") = "Bonjour Demo", "Bonjour Demo\Bonjour Demo.csproj", "{3E733747-9CDD-40AE-81D4-EFD32A2F8561}"
EndProject
Global
	GlobalSection(SolutionConfigurationPlatforms) = preSolution
		Debug|Any CPU = Debug|Any CPU
		Debug|ARM = Debug|ARM
		Debug|x64 = Debug|x64
		Debug|x86 = Debug|x86
		Release|Any CPU = Release|Any CPU
		Release|ARM = Release|ARM
		Release|x64 = Release|x64
		Release|x86 = Release|x86
	EndGlobalSection
	GlobalSection(ProjectConfigurationPlatforms) = postSolution
		{99D5A52A-6F52-4B65-9B69-C1AD982C810E}.Debug|Any CPU.ActiveCfg = Debug|Any CPU
		{99D5A52A-6F52-4B65-9B69-C1AD982C810E}.Debug|Any CPU.Build.0 = Debug|Any CPU
		{99D5A52A-6F52-4B65-9B69-C1AD982C810E}.Debug|ARM.ActiveCfg = Debug|Any CPU
		{99D5A52A-6F52-4B65-9B69-C1AD982C810E}.Debug|ARM.Build.0 = Debug|Any CPU
		{99D5A52A-6F52-4B65-9B69-C1AD982C810E}.Debug|x64.ActiveCfg = Debug|Any CPU
		{99D5A52A-6F52-4B65-9B69-C1AD982C810E}.Debug|x64.Build.0 = Debug|Any CPU
		{99D5A52A-6F52-4B65-9B69-C1AD982C810E}.Debug|x86.ActiveCfg = Debug|Any CPU
		{99D5A52A-6F52-4B65-9B69-C1AD982C810E}.Debug|x86.Build.0 = Debug|Any CPU
		{99D5A52A-6F52-4B65-9B69-C1AD982C810E}.Release|Any CPU.ActiveCfg = Release|Any CPU
		{99D5A52A-6F52-4B65-9B69-C1AD982C810E}.Release|Any CPU.Build.0 = Release|Any CPU
		{99D5A52A-6F52-4B65-9B69-C1AD982C810E}.Release|ARM.ActiveCfg = Release|Any CPU
		{99D5A52A-6F52-4B65-9B69-C1AD982C810E}.Release|ARM.Build.0 = Release|Any CPU
		{99D5A52A-6F52-4B65-9B69-C1AD982C810E}.Release|x64.ActiveCfg = Release|Any CPU
		{99D5A52A-6F52-4B65-9B69-C1AD982C810E}.Release|x64.Build.0 = Release|Any CPU
		{99D5A52A-6F52-4B65-9B69-C1AD982C810E}.Release|x86.ActiveCfg = Release|Any CPU
		{99D5A52A-6F52-4B65-9B69-C1AD982C810E}.Release|x86.Build.0 = Release|Any CPU
		{27835CAB-36F3-4F39-B658-5B3E2616D058}.Debug|Any CPU.ActiveCfg = Debug|Any CPU
		{27835CAB-36F3-4F39-B658-5B3E2616D058}.Debug|Any CPU.Build.0 = Debug|Any CPU
		{27835CAB-36F3-4F39-B658-5B3E2616D058}.Debug|ARM.ActiveCfg = Debug|Any CPU
		{27835CAB-36F3-4F39-B658-5B3E2616D058}.Debug|ARM.Build.0 = Debug|Any CPU
		{27835CAB-36F3-4F39-B658-5B3E2616D058}.Debug|x64.ActiveCfg = Debug|Any CPU
		{27835CAB-36F3-4F39-B658-5B3E2616D058}.Debug|x64.Build.0 = Debug|Any CPU
		{27835CAB-36F3-4F39-B658-5B3E2616D058}.Debug|x86.ActiveCfg = Debug|Any CPU
		{27835CAB-36F3-4F39-B658-5B3E2616D058}.Debug|x86.Build.0 = Debug|Any CPU
		{27835CAB-36F3-4F39-B658-5B3E2616D058}.Release|Any CPU.ActiveCfg = Release|Any CPU
		{27835CAB-36F3-4F39-B658-5B3E2616D058}.Release|Any CPU.Build.0 = Release|Any CPU
		{27835CAB-36F3-4F39-B658-5B3E2616D058}.Release|ARM.ActiveCfg = Release|Any CPU
		{27835CAB-36F3-4F39-B658-5B3E2616D058}.Release|ARM.Build.0 = Release|Any CPU
		{27835CAB-36F3-4F39-B658-5B3E2616D058}.Release|x64.ActiveCfg = Release|Any CPU
		{27835CAB-36F3-4F39-B658-5B3E2616D058}.Release|x64.Build.0 = Release|Any CPU
		{27835CAB-36F3-4F39-B658-5B3E2616D058}.Release|x86.ActiveCfg = Release|Any CPU
		{27835CAB-36F3-4F39-B658-5B3E2616D058}.Release|x86.Build.0 = Release|Any CPU
		{5BB4E5FB-96ED-4E87-82EE-8E2BD4C6A2C9}.Debug|Any CPU.ActiveCfg = Debug|Any CPU
		{5BB4E5FB-96ED-4E87-82EE-8E2BD4C6A2C9}.Debug|Any CPU.Build.0 = Debug|Any CPU
		{5BB4E5FB-96ED-4E87-82EE-8E2BD4C6A2C9}.Debug|ARM.ActiveCfg = Debug|Any CPU
		{5BB4E5FB-96ED-4E87-82EE-8E2BD4C6A2C9}.Debug|ARM.Build.0 = Debug|Any CPU
		{5BB4E5FB-96ED-4E87-82EE-8E2BD4C6A2C9}.Debug|x64.ActiveCfg = Debug|Any CPU
		{5BB4E5FB-96ED-4E87-82EE-8E2BD4C6A2C9}.Debug|x64.Build.0 = Debug|Any CPU
		{5BB4E5FB-96ED-4E87-82EE-8E2BD4C6A2C9}.Debug|x86.ActiveCfg = Debug|Any CPU
		{5BB4E5FB-96ED-4E87-82EE-8E2BD4C6A2C9}.Debug|x86.Build.0 = Debug|Any CPU
		{5BB4E5FB-96ED-4E87-82EE-8E2BD4C6A2C9}.Release|Any CPU.ActiveCfg = Release|Any CPU
		{5BB4E5FB-96ED-4E87-82EE-8E2BD4C6A2C9}.Release|Any CPU.Build.0 = Release|Any CPU
		{5BB4E5FB-96ED-4E87-82EE-8E2BD4C6A2C9}.Release|ARM.ActiveCfg = Release|Any CPU
		{5BB4E5FB-96ED-4E87-82EE-8E2BD4C6A2C9}.Release|ARM.Build.0 = Release|Any CPU
		{5BB4E5FB-96ED-4E87-82EE-8E2BD4C6A2C9}.Release|x64.ActiveCfg = Release|Any CPU
		{5BB4E5FB-96ED-4E87-82EE-8E2BD4C6A2C9}.Release|x64.Build.0 = Release|Any CPU
		{5BB4E5FB-96ED-4E87-82EE-8E2BD4C6A2C9}.Release|x86.ActiveCfg = Release|Any CPU
		{5BB4E5FB-96ED-4E87-82EE-8E2BD4C6A2C9}.Release|x86.Build.0 = Release|Any CPU
		{3E733747-9CDD-40AE-81D4-EFD32A2F8561}.Debug|Any CPU.ActiveCfg = Debug|Any CPU
		{3E733747-9CDD-40AE-81D4-EFD32A2F8561}.Debug|Any CPU.Build.0 = Debug|Any CPU
		{3E733747-9CDD-40AE-81D4-EFD32A2F8561}.Debug|ARM.ActiveCfg = Debug|Any CPU
		{3E733747-9CDD-40AE-81D4-EFD32A2F8561}.Debug|ARM.Build.0 = Debug|Any CPU
		{3E733747-9CDD-40AE-81D4-EFD32A2F8561}.Debug|x64.ActiveCfg = Debug|Any CPU
		{3E733747-9CDD-40AE-81D4-EFD32A2F8561}.Debug|x64.Build.0 = Debug|Any CPU
		{3E733747-9CDD-40AE-81D4-EFD32A2F8561}.Debug|x86.ActiveCfg = Debug|Any CPU
		{3E733747-9CDD-40AE-81D4-EFD32A2F8561}.Debug|x86.Build.0 = Debug|Any CPU
		{3E733747-9CDD-40AE-81D4-EFD32A2F8561}.Release|Any CPU.ActiveCfg = Release|Any CPU
		{3E733747-9CDD-40AE-81D4-EFD32A2F8561}.Release|Any CPU.Build.0 = Release|Any CPU
		{3E733747-9CDD-40AE-81D4-EFD32A2F8561}.Release|ARM.ActiveCfg = Release|Any CPU
		{3E733747-9CDD-40AE-81D4-EFD32A2F8561}.Release|ARM.Build.0 = Release|Any CPU
		{3E733747-9CDD-40AE-81D4-EFD32A2F8561}.Release|x64.ActiveCfg = Release|Any CPU
		{3E733747-9CDD-40AE-81D4-EFD32A2F8561}.Release|x64.Build.0 = Release|Any CPU
		{3E733747-9CDD-40AE-81D4-EFD32A2F8561}.Release|x86.ActiveCfg = Release|Any CPU
		{3E733747-9CDD-40AE-81D4-EFD32A2F8561}.Release|x86.Build.0 = Release|Any CPU
	EndGlobalSection
	GlobalSection(SolutionProperties) = preSolution
		HideSolutionNode = FALSE
	EndGlobalSection
EndGlobal
